// !$*UTF8*$!
{
	archiveVersion = 1;
	classes = {
	};
	objectVersion = 46;
	objects = {

/* Begin PBXBuildFile section */
		95984BFD19E5E82700957832 /* AppDelegate.swift in Sources */ = {isa = PBXBuildFile; fileRef = 95984BFC19E5E82700957832 /* AppDelegate.swift */; };
		95984BFF19E5E82700957832 /* ViewController.swift in Sources */ = {isa = PBXBuildFile; fileRef = 95984BFE19E5E82700957832 /* ViewController.swift */; };
		95984C0219E5E82700957832 /* Main.storyboard in Resources */ = {isa = PBXBuildFile; fileRef = 95984C0019E5E82700957832 /* Main.storyboard */; };
		95984C0419E5E82700957832 /* Images.xcassets in Resources */ = {isa = PBXBuildFile; fileRef = 95984C0319E5E82700957832 /* Images.xcassets */; };
		95984C0719E5E82700957832 /* LaunchScreen.xib in Resources */ = {isa = PBXBuildFile; fileRef = 95984C0519E5E82700957832 /* LaunchScreen.xib */; };
		95984C1319E5E82700957832 /* FortunaTests.swift in Sources */ = {isa = PBXBuildFile; fileRef = 95984C1219E5E82700957832 /* FortunaTests.swift */; };
		95984C1E19E5EE3D00957832 /* negativeQuotes.json in Resources */ = {isa = PBXBuildFile; fileRef = 95984C1C19E5EE3D00957832 /* negativeQuotes.json */; };
		95984C1F19E5EE3D00957832 /* positiveQuotes.json in Resources */ = {isa = PBXBuildFile; fileRef = 95984C1D19E5EE3D00957832 /* positiveQuotes.json */; };
/* End PBXBuildFile section */

/* Begin PBXContainerItemProxy section */
		95984C0D19E5E82700957832 /* PBXContainerItemProxy */ = {
			isa = PBXContainerItemProxy;
			containerPortal = 95984BEF19E5E82700957832 /* Project object */;
			proxyType = 1;
			remoteGlobalIDString = 95984BF619E5E82700957832;
			remoteInfo = Fortuna;
		};
/* End PBXContainerItemProxy section */

/* Begin PBXFileReference section */
		95984BF719E5E82700957832 /* Fortuna.app */ = {isa = PBXFileReference; explicitFileType = wrapper.application; includeInIndex = 0; path = Fortuna.app; sourceTree = BUILT_PRODUCTS_DIR; };
		95984BFB19E5E82700957832 /* Info.plist */ = {isa = PBXFileReference; lastKnownFileType = text.plist.xml; path = Info.plist; sourceTree = "<group>"; };
		95984BFC19E5E82700957832 /* AppDelegate.swift */ = {isa = PBXFileReference; lastKnownFileType = sourcecode.swift; path = AppDelegate.swift; sourceTree = "<group>"; };
		95984BFE19E5E82700957832 /* ViewController.swift */ = {isa = PBXFileReference; lastKnownFileType = sourcecode.swift; path = ViewController.swift; sourceTree = "<group>"; };
		95984C0119E5E82700957832 /* Base */ = {isa = PBXFileReference; lastKnownFileType = file.storyboard; name = Base; path = Base.lproj/Main.storyboard; sourceTree = "<group>"; };
		95984C0319E5E82700957832 /* Images.xcassets */ = {isa = PBXFileReference; lastKnownFileType = folder.assetcatalog; path = Images.xcassets; sourceTree = "<group>"; };
		95984C0619E5E82700957832 /* Base */ = {isa = PBXFileReference; lastKnownFileType = file.xib; name = Base; path = Base.lproj/LaunchScreen.xib; sourceTree = "<group>"; };
		95984C0C19E5E82700957832 /* FortunaTests.xctest */ = {isa = PBXFileReference; explicitFileType = wrapper.cfbundle; includeInIndex = 0; path = FortunaTests.xctest; sourceTree = BUILT_PRODUCTS_DIR; };
		95984C1119E5E82700957832 /* Info.plist */ = {isa = PBXFileReference; lastKnownFileType = text.plist.xml; path = Info.plist; sourceTree = "<group>"; };
		95984C1219E5E82700957832 /* FortunaTests.swift */ = {isa = PBXFileReference; lastKnownFileType = sourcecode.swift; path = FortunaTests.swift; sourceTree = "<group>"; };
		95984C1C19E5EE3D00957832 /* negativeQuotes.json */ = {isa = PBXFileReference; fileEncoding = 4; lastKnownFileType = text.json; path = negativeQuotes.json; sourceTree = "<group>"; };
		95984C1D19E5EE3D00957832 /* positiveQuotes.json */ = {isa = PBXFileReference; fileEncoding = 4; lastKnownFileType = text.json; path = positiveQuotes.json; sourceTree = "<group>"; };
/* End PBXFileReference section */

/* Begin PBXFrameworksBuildPhase section */
		95984BF419E5E82700957832 /* Frameworks */ = {
			isa = PBXFrameworksBuildPhase;
			buildActionMask = 2147483647;
			files = (
			);
			runOnlyForDeploymentPostprocessing = 0;
		};
		95984C0919E5E82700957832 /* Frameworks */ = {
			isa = PBXFrameworksBuildPhase;
			buildActionMask = 2147483647;
			files = (
			);
			runOnlyForDeploymentPostprocessing = 0;
		};
/* End PBXFrameworksBuildPhase section */

/* Begin PBXGroup section */
		95984BEE19E5E82700957832 = {
			isa = PBXGroup;
			children = (
				95984BF919E5E82700957832 /* Fortuna */,
				95984C0F19E5E82700957832 /* FortunaTests */,
				95984BF819E5E82700957832 /* Products */,
			);
			sourceTree = "<group>";
			usesTabs = 0;
		};
		95984BF819E5E82700957832 /* Products */ = {
			isa = PBXGroup;
			children = (
				95984BF719E5E82700957832 /* Fortuna.app */,
				95984C0C19E5E82700957832 /* FortunaTests.xctest */,
			);
			name = Products;
			sourceTree = "<group>";
		};
		95984BF919E5E82700957832 /* Fortuna */ = {
			isa = PBXGroup;
			children = (
				95984BFC19E5E82700957832 /* AppDelegate.swift */,
				95984BFE19E5E82700957832 /* ViewController.swift */,
				95984C0019E5E82700957832 /* Main.storyboard */,
				95984C0319E5E82700957832 /* Images.xcassets */,
				95984C0519E5E82700957832 /* LaunchScreen.xib */,
				95984BFA19E5E82700957832 /* Supporting Files */,
			);
			path = Fortuna;
			sourceTree = "<group>";
		};
		95984BFA19E5E82700957832 /* Supporting Files */ = {
			isa = PBXGroup;
			children = (
				95984C1C19E5EE3D00957832 /* negativeQuotes.json */,
				95984C1D19E5EE3D00957832 /* positiveQuotes.json */,
				95984BFB19E5E82700957832 /* Info.plist */,
			);
			name = "Supporting Files";
			sourceTree = "<group>";
		};
		95984C0F19E5E82700957832 /* FortunaTests */ = {
			isa = PBXGroup;
			children = (
				95984C1219E5E82700957832 /* FortunaTests.swift */,
				95984C1019E5E82700957832 /* Supporting Files */,
			);
			path = FortunaTests;
			sourceTree = "<group>";
		};
		95984C1019E5E82700957832 /* Supporting Files */ = {
			isa = PBXGroup;
			children = (
				95984C1119E5E82700957832 /* Info.plist */,
			);
			name = "Supporting Files";
			sourceTree = "<group>";
		};
/* End PBXGroup section */

/* Begin PBXNativeTarget section */
		95984BF619E5E82700957832 /* Fortuna */ = {
			isa = PBXNativeTarget;
			buildConfigurationList = 95984C1619E5E82700957832 /* Build configuration list for PBXNativeTarget "Fortuna" */;
			buildPhases = (
				95984BF319E5E82700957832 /* Sources */,
				95984BF419E5E82700957832 /* Frameworks */,
				95984BF519E5E82700957832 /* Resources */,
			);
			buildRules = (
			);
			dependencies = (
			);
			name = Fortuna;
			productName = Fortuna;
			productReference = 95984BF719E5E82700957832 /* Fortuna.app */;
			productType = "com.apple.product-type.application";
		};
		95984C0B19E5E82700957832 /* FortunaTests */ = {
			isa = PBXNativeTarget;
			buildConfigurationList = 95984C1919E5E82700957832 /* Build configuration list for PBXNativeTarget "FortunaTests" */;
			buildPhases = (
				95984C0819E5E82700957832 /* Sources */,
				95984C0919E5E82700957832 /* Frameworks */,
				95984C0A19E5E82700957832 /* Resources */,
			);
			buildRules = (
			);
			dependencies = (
				95984C0E19E5E82700957832 /* PBXTargetDependency */,
			);
			name = FortunaTests;
			productName = FortunaTests;
			productReference = 95984C0C19E5E82700957832 /* FortunaTests.xctest */;
			productType = "com.apple.product-type.bundle.unit-test";
		};
/* End PBXNativeTarget section */

/* Begin PBXProject section */
		95984BEF19E5E82700957832 /* Project object */ = {
			isa = PBXProject;
			attributes = {
				LastUpgradeCheck = 0600;
				ORGANIZATIONNAME = "Eric Nolte";
				TargetAttributes = {
					95984BF619E5E82700957832 = {
						CreatedOnToolsVersion = 6.0.1;
					};
					95984C0B19E5E82700957832 = {
						CreatedOnToolsVersion = 6.0.1;
						TestTargetID = 95984BF619E5E82700957832;
					};
				};
			};
			buildConfigurationList = 95984BF219E5E82700957832 /* Build configuration list for PBXProject "Fortuna" */;
			compatibilityVersion = "Xcode 3.2";
			developmentRegion = English;
			hasScannedForEncodings = 0;
			knownRegions = (
				en,
				Base,
			);
			mainGroup = 95984BEE19E5E82700957832;
			productRefGroup = 95984BF819E5E82700957832 /* Products */;
			projectDirPath = "";
			projectRoot = "";
			targets = (
				95984BF619E5E82700957832 /* Fortuna */,
				95984C0B19E5E82700957832 /* FortunaTests */,
			);
		};
/* End PBXProject section */

/* Begin PBXResourcesBuildPhase section */
		95984BF519E5E82700957832 /* Resources */ = {
			isa = PBXResourcesBuildPhase;
			buildActionMask = 2147483647;
			files = (
				95984C0219E5E82700957832 /* Main.storyboard in Resources */,
				95984C0719E5E82700957832 /* LaunchScreen.xib in Resources */,
				95984C1F19E5EE3D00957832 /* positiveQuotes.json in Resources */,
				95984C0419E5E82700957832 /* Images.xcassets in Resources */,
				95984C1E19E5EE3D00957832 /* negativeQuotes.json in Resources */,
			);
			runOnlyForDeploymentPostprocessing = 0;
		};
		95984C0A19E5E82700957832 /* Resources */ = {
			isa = PBXResourcesBuildPhase;
			buildActionMask = 2147483647;
			files = (
			);
			runOnlyForDeploymentPostprocessing = 0;
		};
/* End PBXResourcesBuildPhase section */

/* Begin PBXSourcesBuildPhase section */
		95984BF319E5E82700957832 /* Sources */ = {
			isa = PBXSourcesBuildPhase;
			buildActionMask = 2147483647;
			files = (
				95984BFF19E5E82700957832 /* ViewController.swift in Sources */,
				95984BFD19E5E82700957832 /* AppDelegate.swift in Sources */,
			);
			runOnlyForDeploymentPostprocessing = 0;
		};
		95984C0819E5E82700957832 /* Sources */ = {
			isa = PBXSourcesBuildPhase;
			buildActionMask = 2147483647;
			files = (
				95984C1319E5E82700957832 /* FortunaTests.swift in Sources */,
			);
			runOnlyForDeploymentPostprocessing = 0;
		};
/* End PBXSourcesBuildPhase section */

/* Begin PBXTargetDependency section */
		95984C0E19E5E82700957832 /* PBXTargetDependency */ = {
			isa = PBXTargetDependency;
			target = 95984BF619E5E82700957832 /* Fortuna */;
			targetProxy = 95984C0D19E5E82700957832 /* PBXContainerItemProxy */;
		};
/* End PBXTargetDependency section */

/* Begin PBXVariantGroup section */
		95984C0019E5E82700957832 /* Main.storyboard */ = {
			isa = PBXVariantGroup;
			children = (
				95984C0119E5E82700957832 /* Base */,
			);
			name = Main.storyboard;
			sourceTree = "<group>";
		};
		95984C0519E5E82700957832 /* LaunchScreen.xib */ = {
			isa = PBXVariantGroup;
			children = (
				95984C0619E5E82700957832 /* Base */,
			);
			name = LaunchScreen.xib;
			sourceTree = "<group>";
		};
/* End PBXVariantGroup section */

/* Begin XCBuildConfiguration section */
		95984C1419E5E82700957832 /* Debug */ = {
			isa = XCBuildConfiguration;
			buildSettings = {
				ALWAYS_SEARCH_USER_PATHS = NO;
				CLANG_CXX_LANGUAGE_STANDARD = "gnu++0x";
				CLANG_CXX_LIBRARY = "libc++";
				CLANG_ENABLE_MODULES = YES;
				CLANG_ENABLE_OBJC_ARC = YES;
				CLANG_WARN_BOOL_CONVERSION = YES;
				CLANG_WARN_CONSTANT_CONVERSION = YES;
				CLANG_WARN_DIRECT_OBJC_ISA_USAGE = YES_ERROR;
				CLANG_WARN_EMPTY_BODY = YES;
				CLANG_WARN_ENUM_CONVERSION = YES;
				CLANG_WARN_INT_CONVERSION = YES;
				CLANG_WARN_OBJC_ROOT_CLASS = YES_ERROR;
				CLANG_WARN_UNREACHABLE_CODE = YES;
				CLANG_WARN__DUPLICATE_METHOD_MATCH = YES;
				"CODE_SIGN_IDENTITY[sdk=iphoneos*]" = "iPhone Developer";
				COPY_PHASE_STRIP = NO;
				ENABLE_STRICT_OBJC_MSGSEND = YES;
				GCC_C_LANGUAGE_STANDARD = gnu99;
				GCC_DYNAMIC_NO_PIC = NO;
				GCC_OPTIMIZATION_LEVEL = 0;
				GCC_PREPROCESSOR_DEFINITIONS = (
					"DEBUG=1",
					"$(inherited)",
				);
				GCC_SYMBOLS_PRIVATE_EXTERN = NO;
				GCC_WARN_64_TO_32_BIT_CONVERSION = YES;
				GCC_WARN_ABOUT_RETURN_TYPE = YES_ERROR;
				GCC_WARN_UNDECLARED_SELECTOR = YES;
				GCC_WARN_UNINITIALIZED_AUTOS = YES_AGGRESSIVE;
				GCC_WARN_UNUSED_FUNCTION = YES;
				GCC_WARN_UNUSED_VARIABLE = YES;
				IPHONEOS_DEPLOYMENT_TARGET = 8.0;
				MTL_ENABLE_DEBUG_INFO = YES;
				ONLY_ACTIVE_ARCH = YES;
				SDKROOT = iphoneos;
				SWIFT_OPTIMIZATION_LEVEL = "-Onone";
			};
			name = Debug;
		};
		95984C1519E5E82700957832 /* Release */ = {
			isa = XCBuildConfiguration;
			buildSettings = {
				ALWAYS_SEARCH_USER_PATHS = NO;
				CLANG_CXX_LANGUAGE_STANDARD = "gnu++0x";
				CLANG_CXX_LIBRARY = "libc++";
				CLANG_ENABLE_MODULES = YES;
				CLANG_ENABLE_OBJC_ARC = YES;
				CLANG_WARN_BOOL_CONVERSION = YES;
				CLANG_WARN_CONSTANT_CONVERSION = YES;
				CLANG_WARN_DIRECT_OBJC_ISA_USAGE = YES_ERROR;
				CLANG_WARN_EMPTY_BODY = YES;
				CLANG_WARN_ENUM_CONVERSION = YES;
				CLANG_WARN_INT_CONVERSION = YES;
				CLANG_WARN_OBJC_ROOT_CLASS = YES_ERROR;
				CLANG_WARN_UNREACHABLE_CODE = YES;
				CLANG_WARN__DUPLICATE_METHOD_MATCH = YES;
				"CODE_SIGN_IDENTITY[sdk=iphoneos*]" = "iPhone Developer";
				COPY_PHASE_STRIP = YES;
				ENABLE_NS_ASSERTIONS = NO;
				ENABLE_STRICT_OBJC_MSGSEND = YES;
				GCC_C_LANGUAGE_STANDARD = gnu99;
				GCC_WARN_64_TO_32_BIT_CONVERSION = YES;
				GCC_WARN_ABOUT_RETURN_TYPE = YES_ERROR;
				GCC_WARN_UNDECLARED_SELECTOR = YES;
				GCC_WARN_UNINITIALIZED_AUTOS = YES_AGGRESSIVE;
				GCC_WARN_UNUSED_FUNCTION = YES;
				GCC_WARN_UNUSED_VARIABLE = YES;
				IPHONEOS_DEPLOYMENT_TARGET = 8.0;
				MTL_ENABLE_DEBUG_INFO = NO;
				SDKROOT = iphoneos;
				VALIDATE_PRODUCT = YES;
			};
			name = Release;
		};
		95984C1719E5E82700957832 /* Debug */ = {
			isa = XCBuildConfiguration;
			buildSettings = {
				ASSETCATALOG_COMPILER_APPICON_NAME = AppIcon;
				INFOPLIST_FILE = Fortuna/Info.plist;
				LD_RUNPATH_SEARCH_PATHS = "$(inherited) @executable_path/Frameworks";
				PRODUCT_NAME = "$(TARGET_NAME)";
			};
			name = Debug;
		};
		95984C1819E5E82700957832 /* Release */ = {
			isa = XCBuildConfiguration;
			buildSettings = {
				ASSETCATALOG_COMPILER_APPICON_NAME = AppIcon;
				INFOPLIST_FILE = Fortuna/Info.plist;
				LD_RUNPATH_SEARCH_PATHS = "$(inherited) @executable_path/Frameworks";
				PRODUCT_NAME = "$(TARGET_NAME)";
			};
			name = Release;
		};
		95984C1A19E5E82700957832 /* Debug */ = {
			isa = XCBuildConfiguration;
			buildSettings = {
				BUNDLE_LOADER = "$(TEST_HOST)";
				FRAMEWORK_SEARCH_PATHS = (
					"$(SDKROOT)/Developer/Library/Frameworks",
					"$(inherited)",
				);
				GCC_PREPROCESSOR_DEFINITIONS = (
					"DEBUG=1",
					"$(inherited)",
				);
				INFOPLIST_FILE = FortunaTests/Info.plist;
				LD_RUNPATH_SEARCH_PATHS = "$(inherited) @executable_path/Frameworks @loader_path/Frameworks";
				PRODUCT_NAME = "$(TARGET_NAME)";
				TEST_HOST = "$(BUILT_PRODUCTS_DIR)/Fortuna.app/Fortuna";
			};
			name = Debug;
		};
		95984C1B19E5E82700957832 /* Release */ = {
			isa = XCBuildConfiguration;
			buildSettings = {
				BUNDLE_LOADER = "$(TEST_HOST)";
				FRAMEWORK_SEARCH_PATHS = (
					"$(SDKROOT)/Developer/Library/Frameworks",
					"$(inherited)",
				);
				INFOPLIST_FILE = FortunaTests/Info.plist;
				LD_RUNPATH_SEARCH_PATHS = "$(inherited) @executable_path/Frameworks @loader_path/Frameworks";
				PRODUCT_NAME = "$(TARGET_NAME)";
				TEST_HOST = "$(BUILT_PRODUCTS_DIR)/Fortuna.app/Fortuna";
			};
			name = Release;
		};
/* End XCBuildConfiguration section */

/* Begin XCConfigurationList section */
		95984BF219E5E82700957832 /* Build configuration list for PBXProject "Fortuna" */ = {
			isa = XCConfigurationList;
			buildConfigurations = (
				95984C1419E5E82700957832 /* Debug */,
				95984C1519E5E82700957832 /* Release */,
			);
			defaultConfigurationIsVisible = 0;
			defaultConfigurationName = Release;
		};
		95984C1619E5E82700957832 /* Build configuration list for PBXNativeTarget "Fortuna" */ = {
			isa = XCConfigurationList;
			buildConfigurations = (
				95984C1719E5E82700957832 /* Debug */,
				95984C1819E5E82700957832 /* Release */,
			);
			defaultConfigurationIsVisible = 0;
		};
		95984C1919E5E82700957832 /* Build configuration list for PBXNativeTarget "FortunaTests" */ = {
			isa = XCConfigurationList;
			buildConfigurations = (
				95984C1A19E5E82700957832 /* Debug */,
				95984C1B19E5E82700957832 /* Release */,
			);
			defaultConfigurationIsVisible = 0;
		};
/* End XCConfigurationList section */
	};
	rootObject = 95984BEF19E5E82700957832 /* Project object */;
}
